
Microsoft Visual Studio Solution File, Format Version 12.00
# Visual Studio Version 17
VisualStudioVersion = 17.0.31903.59
MinimumVisualStudioVersion = 10.0.40219.1
Project("{2150E333-8FDC-42A3-9474-1A3956D46DE8}") = "src", "src", "{23377426-3A71-49AA-B282-EB83DFAE130D}"
EndProject
Project("{FAE04EC0-301F-11D3-BF4B-00C04F79EFBC}") = "Domain", "src\Domain\Domain.csproj", "{EFE45C25-A56D-4363-8379-DD5AA5AA2FD0}"
EndProject
Project("{FAE04EC0-301F-11D3-BF4B-00C04F79EFBC}") = "Infra", "src\Infra\Infra.csproj", "{F0F062DB-79ED-4099-9064-7F279ABC3216}"
EndProject
Project("{FAE04EC0-301F-11D3-BF4B-00C04F79EFBC}") = "API", "src\Api\Api.csproj", "{CC847F9F-3C5E-4D97-AF13-5602AF8D4368}"
EndProject
Global
	GlobalSection(SolutionProperties) = preSolution
		HideSolutionNode = FALSE
	EndGlobalSection
	GlobalSection(SolutionConfigurationPlatforms) = preSolution
		Debug|Any CPU = Debug|Any CPU
		Debug|x64 = Debug|x64
		Debug|x86 = Debug|x86
		Release|Any CPU = Release|Any CPU
		Release|x64 = Release|x64
		Release|x86 = Release|x86
	EndGlobalSection
	GlobalSection(ProjectConfigurationPlatforms) = postSolution
		{EFE45C25-A56D-4363-8379-DD5AA5AA2FD0}.Debug|Any CPU.ActiveCfg = Debug|Any CPU
		{EFE45C25-A56D-4363-8379-DD5AA5AA2FD0}.Debug|Any CPU.Build.0 = Debug|Any CPU
		{EFE45C25-A56D-4363-8379-DD5AA5AA2FD0}.Debug|x64.ActiveCfg = Debug|Any CPU
		{EFE45C25-A56D-4363-8379-DD5AA5AA2FD0}.Debug|x64.Build.0 = Debug|Any CPU
		{EFE45C25-A56D-4363-8379-DD5AA5AA2FD0}.Debug|x86.ActiveCfg = Debug|Any CPU
		{EFE45C25-A56D-4363-8379-DD5AA5AA2FD0}.Debug|x86.Build.0 = Debug|Any CPU
		{EFE45C25-A56D-4363-8379-DD5AA5AA2FD0}.Release|Any CPU.ActiveCfg = Release|Any CPU
		{EFE45C25-A56D-4363-8379-DD5AA5AA2FD0}.Release|Any CPU.Build.0 = Release|Any CPU
		{EFE45C25-A56D-4363-8379-DD5AA5AA2FD0}.Release|x64.ActiveCfg = Release|Any CPU
		{EFE45C25-A56D-4363-8379-DD5AA5AA2FD0}.Release|x64.Build.0 = Release|Any CPU
		{EFE45C25-A56D-4363-8379-DD5AA5AA2FD0}.Release|x86.ActiveCfg = Release|Any CPU
		{EFE45C25-A56D-4363-8379-DD5AA5AA2FD0}.Release|x86.Build.0 = Release|Any CPU
		{F0F062DB-79ED-4099-9064-7F279ABC3216}.Debug|Any CPU.ActiveCfg = Debug|Any CPU
		{F0F062DB-79ED-4099-9064-7F279ABC3216}.Debug|Any CPU.Build.0 = Debug|Any CPU
		{F0F062DB-79ED-4099-9064-7F279ABC3216}.Debug|x64.ActiveCfg = Debug|Any CPU
		{F0F062DB-79ED-4099-9064-7F279ABC3216}.Debug|x64.Build.0 = Debug|Any CPU
		{F0F062DB-79ED-4099-9064-7F279ABC3216}.Debug|x86.ActiveCfg = Debug|Any CPU
		{F0F062DB-79ED-4099-9064-7F279ABC3216}.Debug|x86.Build.0 = Debug|Any CPU
		{F0F062DB-79ED-4099-9064-7F279ABC3216}.Release|Any CPU.ActiveCfg = Release|Any CPU
		{F0F062DB-79ED-4099-9064-7F279ABC3216}.Release|Any CPU.Build.0 = Release|Any CPU
		{F0F062DB-79ED-4099-9064-7F279ABC3216}.Release|x64.ActiveCfg = Release|Any CPU
		{F0F062DB-79ED-4099-9064-7F279ABC3216}.Release|x64.Build.0 = Release|Any CPU
		{F0F062DB-79ED-4099-9064-7F279ABC3216}.Release|x86.ActiveCfg = Release|Any CPU
		{F0F062DB-79ED-4099-9064-7F279ABC3216}.Release|x86.Build.0 = Release|Any CPU
		{CC847F9F-3C5E-4D97-AF13-5602AF8D4368}.Debug|Any CPU.ActiveCfg = Debug|Any CPU
		{CC847F9F-3C5E-4D97-AF13-5602AF8D4368}.Debug|Any CPU.Build.0 = Debug|Any CPU
		{CC847F9F-3C5E-4D97-AF13-5602AF8D4368}.Debug|x64.ActiveCfg = Debug|Any CPU
		{CC847F9F-3C5E-4D97-AF13-5602AF8D4368}.Debug|x64.Build.0 = Debug|Any CPU
		{CC847F9F-3C5E-4D97-AF13-5602AF8D4368}.Debug|x86.ActiveCfg = Debug|Any CPU
		{CC847F9F-3C5E-4D97-AF13-5602AF8D4368}.Debug|x86.Build.0 = Debug|Any CPU
		{CC847F9F-3C5E-4D97-AF13-5602AF8D4368}.Release|Any CPU.ActiveCfg = Release|Any CPU
		{CC847F9F-3C5E-4D97-AF13-5602AF8D4368}.Release|Any CPU.Build.0 = Release|Any CPU
		{CC847F9F-3C5E-4D97-AF13-5602AF8D4368}.Release|x64.ActiveCfg = Release|Any CPU
		{CC847F9F-3C5E-4D97-AF13-5602AF8D4368}.Release|x64.Build.0 = Release|Any CPU
		{CC847F9F-3C5E-4D97-AF13-5602AF8D4368}.Release|x86.ActiveCfg = Release|Any CPU
		{CC847F9F-3C5E-4D97-AF13-5602AF8D4368}.Release|x86.Build.0 = Release|Any CPU
	EndGlobalSection
	GlobalSection(NestedProjects) = preSolution
		{EFE45C25-A56D-4363-8379-DD5AA5AA2FD0} = {23377426-3A71-49AA-B282-EB83DFAE130D}
		{F0F062DB-79ED-4099-9064-7F279ABC3216} = {23377426-3A71-49AA-B282-EB83DFAE130D}
		{CC847F9F-3C5E-4D97-AF13-5602AF8D4368} = {23377426-3A71-49AA-B282-EB83DFAE130D}
	EndGlobalSection
EndGlobal
